
Microsoft Visual Studio Solution File, Format Version 12.00
# Visual Studio Version 17
VisualStudioVersion = 17.11.35219.272
MinimumVisualStudioVersion = 10.0.40219.1
Project("{9A19103F-16F7-4668-BE54-9A1E7A4F7556}") = "Задание 1. Подготовьте инфраструктуру", "Задание 1. Подготовьте инфраструктуру\Задание 1. Подготовьте инфраструктуру.csproj", "{39EA56BF-2072-4593-AF81-AD7FB2A790B2}"
EndProject
Project("{9A19103F-16F7-4668-BE54-9A1E7A4F7556}") = "Задание 3. Сделайте сценарий логина", "Задание 3. Сделайте сценарий логина\Задание 3. Сделайте сценарий логина.csproj", "{5ACB3688-D8D4-4AF3-A804-156CCE71B356}"
EndProject
Project("{9A19103F-16F7-4668-BE54-9A1E7A4F7556}") = "Задание 6", "Задание 6\Задание 6.csproj", "{F25D6339-9968-4FDC-9199-5913D31293CE}"
EndProject
Project("{9A19103F-16F7-4668-BE54-9A1E7A4F7556}") = "Задание 7", "Задание 7\Задание 7.csproj", "{A241DD4C-5F1B-4030-AC39-CCCAC2326BAC}"
EndProject
Project("{FAE04EC0-301F-11D3-BF4B-00C04F79EFBC}") = "Задание_8", "Задание_8\Задание_8.csproj", "{EEC28430-88EF-4B16-A31D-9425E92385DF}"
EndProject
Project("{2150E333-8FDC-42A3-9474-1A3956D46DE8}") = "Solution Items", "Solution Items", "{7AC1A8EB-EEFD-4232-BD2A-DCC429305BC8}"
	ProjectSection(SolutionItems) = preProject
		.editorconfig = .editorconfig
	EndProjectSection
EndProject
Global
	GlobalSection(SolutionConfigurationPlatforms) = preSolution
		Debug|Any CPU = Debug|Any CPU
		Release|Any CPU = Release|Any CPU
	EndGlobalSection
	GlobalSection(ProjectConfigurationPlatforms) = postSolution
		{39EA56BF-2072-4593-AF81-AD7FB2A790B2}.Debug|Any CPU.ActiveCfg = Debug|Any CPU
		{39EA56BF-2072-4593-AF81-AD7FB2A790B2}.Debug|Any CPU.Build.0 = Debug|Any CPU
		{39EA56BF-2072-4593-AF81-AD7FB2A790B2}.Release|Any CPU.ActiveCfg = Release|Any CPU
		{39EA56BF-2072-4593-AF81-AD7FB2A790B2}.Release|Any CPU.Build.0 = Release|Any CPU
		{5ACB3688-D8D4-4AF3-A804-156CCE71B356}.Debug|Any CPU.ActiveCfg = Debug|Any CPU
		{5ACB3688-D8D4-4AF3-A804-156CCE71B356}.Debug|Any CPU.Build.0 = Debug|Any CPU
		{5ACB3688-D8D4-4AF3-A804-156CCE71B356}.Release|Any CPU.ActiveCfg = Release|Any CPU
		{5ACB3688-D8D4-4AF3-A804-156CCE71B356}.Release|Any CPU.Build.0 = Release|Any CPU
		{F25D6339-9968-4FDC-9199-5913D31293CE}.Debug|Any CPU.ActiveCfg = Debug|Any CPU
		{F25D6339-9968-4FDC-9199-5913D31293CE}.Debug|Any CPU.Build.0 = Debug|Any CPU
		{F25D6339-9968-4FDC-9199-5913D31293CE}.Release|Any CPU.ActiveCfg = Release|Any CPU
		{F25D6339-9968-4FDC-9199-5913D31293CE}.Release|Any CPU.Build.0 = Release|Any CPU
		{A241DD4C-5F1B-4030-AC39-CCCAC2326BAC}.Debug|Any CPU.ActiveCfg = Debug|Any CPU
		{A241DD4C-5F1B-4030-AC39-CCCAC2326BAC}.Debug|Any CPU.Build.0 = Debug|Any CPU
		{A241DD4C-5F1B-4030-AC39-CCCAC2326BAC}.Release|Any CPU.ActiveCfg = Release|Any CPU
		{A241DD4C-5F1B-4030-AC39-CCCAC2326BAC}.Release|Any CPU.Build.0 = Release|Any CPU
		{EEC28430-88EF-4B16-A31D-9425E92385DF}.Debug|Any CPU.ActiveCfg = Debug|Any CPU
		{EEC28430-88EF-4B16-A31D-9425E92385DF}.Debug|Any CPU.Build.0 = Debug|Any CPU
		{EEC28430-88EF-4B16-A31D-9425E92385DF}.Release|Any CPU.ActiveCfg = Release|Any CPU
		{EEC28430-88EF-4B16-A31D-9425E92385DF}.Release|Any CPU.Build.0 = Release|Any CPU
	EndGlobalSection
	GlobalSection(SolutionProperties) = preSolution
		HideSolutionNode = FALSE
	EndGlobalSection
	GlobalSection(ExtensibilityGlobals) = postSolution
		SolutionGuid = {D966DEBF-58B7-442A-BED6-D6F0A39F5EF3}
	EndGlobalSection
EndGlobal
